// !$*UTF8*$!
{
	archiveVersion = 1;
	classes = {
	};
	objectVersion = 46;
	objects = {

/* Begin PBXBuildFile section */
		245ECB6C1F4D840F009AB695 /* AppDelegate.swift in Sources */ = {isa = PBXBuildFile; fileRef = 245ECB6B1F4D840F009AB695 /* AppDelegate.swift */; };
		245ECB6E1F4D840F009AB695 /* ViewController.swift in Sources */ = {isa = PBXBuildFile; fileRef = 245ECB6D1F4D840F009AB695 /* ViewController.swift */; };
		245ECB711F4D840F009AB695 /* Main.storyboard in Resources */ = {isa = PBXBuildFile; fileRef = 245ECB6F1F4D840F009AB695 /* Main.storyboard */; };
		245ECB731F4D840F009AB695 /* Assets.xcassets in Resources */ = {isa = PBXBuildFile; fileRef = 245ECB721F4D840F009AB695 /* Assets.xcassets */; };
		245ECB761F4D840F009AB695 /* LaunchScreen.storyboard in Resources */ = {isa = PBXBuildFile; fileRef = 245ECB741F4D840F009AB695 /* LaunchScreen.storyboard */; };
		245ECB811F4D8410009AB695 /* Table_Views_TwoTests.swift in Sources */ = {isa = PBXBuildFile; fileRef = 245ECB801F4D8410009AB695 /* Table_Views_TwoTests.swift */; };
		245ECB8C1F4D8410009AB695 /* Table_Views_TwoUITests.swift in Sources */ = {isa = PBXBuildFile; fileRef = 245ECB8B1F4D8410009AB695 /* Table_Views_TwoUITests.swift */; };
/* End PBXBuildFile section */

/* Begin PBXContainerItemProxy section */
		245ECB7D1F4D8410009AB695 /* PBXContainerItemProxy */ = {
			isa = PBXContainerItemProxy;
			containerPortal = 245ECB601F4D840F009AB695 /* Project object */;
			proxyType = 1;
			remoteGlobalIDString = 245ECB671F4D840F009AB695;
			remoteInfo = "Table Views Two";
		};
		245ECB881F4D8410009AB695 /* PBXContainerItemProxy */ = {
			isa = PBXContainerItemProxy;
			containerPortal = 245ECB601F4D840F009AB695 /* Project object */;
			proxyType = 1;
			remoteGlobalIDString = 245ECB671F4D840F009AB695;
			remoteInfo = "Table Views Two";
		};
/* End PBXContainerItemProxy section */

/* Begin PBXFileReference section */
		245ECB681F4D840F009AB695 /* Table Views Two.app */ = {isa = PBXFileReference; explicitFileType = wrapper.application; includeInIndex = 0; path = "Table Views Two.app"; sourceTree = BUILT_PRODUCTS_DIR; };
		245ECB6B1F4D840F009AB695 /* AppDelegate.swift */ = {isa = PBXFileReference; lastKnownFileType = sourcecode.swift; path = AppDelegate.swift; sourceTree = "<group>"; };
		245ECB6D1F4D840F009AB695 /* ViewController.swift */ = {isa = PBXFileReference; lastKnownFileType = sourcecode.swift; path = ViewController.swift; sourceTree = "<group>"; };
		245ECB701F4D840F009AB695 /* Base */ = {isa = PBXFileReference; lastKnownFileType = file.storyboard; name = Base; path = Base.lproj/Main.storyboard; sourceTree = "<group>"; };
		245ECB721F4D840F009AB695 /* Assets.xcassets */ = {isa = PBXFileReference; lastKnownFileType = folder.assetcatalog; path = Assets.xcassets; sourceTree = "<group>"; };
		245ECB751F4D840F009AB695 /* Base */ = {isa = PBXFileReference; lastKnownFileType = file.storyboard; name = Base; path = Base.lproj/LaunchScreen.storyboard; sourceTree = "<group>"; };
		245ECB771F4D840F009AB695 /* Info.plist */ = {isa = PBXFileReference; lastKnownFileType = text.plist.xml; path = Info.plist; sourceTree = "<group>"; };
		245ECB7C1F4D8410009AB695 /* Table Views TwoTests.xctest */ = {isa = PBXFileReference; explicitFileType = wrapper.cfbundle; includeInIndex = 0; path = "Table Views TwoTests.xctest"; sourceTree = BUILT_PRODUCTS_DIR; };
		245ECB801F4D8410009AB695 /* Table_Views_TwoTests.swift */ = {isa = PBXFileReference; lastKnownFileType = sourcecode.swift; path = Table_Views_TwoTests.swift; sourceTree = "<group>"; };
		245ECB821F4D8410009AB695 /* Info.plist */ = {isa = PBXFileReference; lastKnownFileType = text.plist.xml; path = Info.plist; sourceTree = "<group>"; };
		245ECB871F4D8410009AB695 /* Table Views TwoUITests.xctest */ = {isa = PBXFileReference; explicitFileType = wrapper.cfbundle; includeInIndex = 0; path = "Table Views TwoUITests.xctest"; sourceTree = BUILT_PRODUCTS_DIR; };
		245ECB8B1F4D8410009AB695 /* Table_Views_TwoUITests.swift */ = {isa = PBXFileReference; lastKnownFileType = sourcecode.swift; path = Table_Views_TwoUITests.swift; sourceTree = "<group>"; };
		245ECB8D1F4D8410009AB695 /* Info.plist */ = {isa = PBXFileReference; lastKnownFileType = text.plist.xml; path = Info.plist; sourceTree = "<group>"; };
/* End PBXFileReference section */

/* Begin PBXFrameworksBuildPhase section */
		245ECB651F4D840F009AB695 /* Frameworks */ = {
			isa = PBXFrameworksBuildPhase;
			buildActionMask = 2147483647;
			files = (
			);
			runOnlyForDeploymentPostprocessing = 0;
		};
		245ECB791F4D8410009AB695 /* Frameworks */ = {
			isa = PBXFrameworksBuildPhase;
			buildActionMask = 2147483647;
			files = (
			);
			runOnlyForDeploymentPostprocessing = 0;
		};
		245ECB841F4D8410009AB695 /* Frameworks */ = {
			isa = PBXFrameworksBuildPhase;
			buildActionMask = 2147483647;
			files = (
			);
			runOnlyForDeploymentPostprocessing = 0;
		};
/* End PBXFrameworksBuildPhase section */

/* Begin PBXGroup section */
		245ECB5F1F4D840F009AB695 = {
			isa = PBXGroup;
			children = (
				245ECB6A1F4D840F009AB695 /* Table Views Two */,
				245ECB7F1F4D8410009AB695 /* Table Views TwoTests */,
				245ECB8A1F4D8410009AB695 /* Table Views TwoUITests */,
				245ECB691F4D840F009AB695 /* Products */,
			);
			sourceTree = "<group>";
		};
		245ECB691F4D840F009AB695 /* Products */ = {
			isa = PBXGroup;
			children = (
				245ECB681F4D840F009AB695 /* Table Views Two.app */,
				245ECB7C1F4D8410009AB695 /* Table Views TwoTests.xctest */,
				245ECB871F4D8410009AB695 /* Table Views TwoUITests.xctest */,
			);
			name = Products;
			sourceTree = "<group>";
		};
		245ECB6A1F4D840F009AB695 /* Table Views Two */ = {
			isa = PBXGroup;
			children = (
				245ECB6B1F4D840F009AB695 /* AppDelegate.swift */,
				245ECB6D1F4D840F009AB695 /* ViewController.swift */,
				245ECB6F1F4D840F009AB695 /* Main.storyboard */,
				245ECB721F4D840F009AB695 /* Assets.xcassets */,
				245ECB741F4D840F009AB695 /* LaunchScreen.storyboard */,
				245ECB771F4D840F009AB695 /* Info.plist */,
			);
			path = "Table Views Two";
			sourceTree = "<group>";
		};
		245ECB7F1F4D8410009AB695 /* Table Views TwoTests */ = {
			isa = PBXGroup;
			children = (
				245ECB801F4D8410009AB695 /* Table_Views_TwoTests.swift */,
				245ECB821F4D8410009AB695 /* Info.plist */,
			);
			path = "Table Views TwoTests";
			sourceTree = "<group>";
		};
		245ECB8A1F4D8410009AB695 /* Table Views TwoUITests */ = {
			isa = PBXGroup;
			children = (
				245ECB8B1F4D8410009AB695 /* Table_Views_TwoUITests.swift */,
				245ECB8D1F4D8410009AB695 /* Info.plist */,
			);
			path = "Table Views TwoUITests";
			sourceTree = "<group>";
		};
/* End PBXGroup section */

/* Begin PBXNativeTarget section */
		245ECB671F4D840F009AB695 /* Table Views Two */ = {
			isa = PBXNativeTarget;
			buildConfigurationList = 245ECB901F4D8410009AB695 /* Build configuration list for PBXNativeTarget "Table Views Two" */;
			buildPhases = (
				245ECB641F4D840F009AB695 /* Sources */,
				245ECB651F4D840F009AB695 /* Frameworks */,
				245ECB661F4D840F009AB695 /* Resources */,
			);
			buildRules = (
			);
			dependencies = (
			);
			name = "Table Views Two";
			productName = "Table Views Two";
			productReference = 245ECB681F4D840F009AB695 /* Table Views Two.app */;
			productType = "com.apple.product-type.application";
		};
		245ECB7B1F4D8410009AB695 /* Table Views TwoTests */ = {
			isa = PBXNativeTarget;
			buildConfigurationList = 245ECB931F4D8410009AB695 /* Build configuration list for PBXNativeTarget "Table Views TwoTests" */;
			buildPhases = (
				245ECB781F4D8410009AB695 /* Sources */,
				245ECB791F4D8410009AB695 /* Frameworks */,
				245ECB7A1F4D8410009AB695 /* Resources */,
			);
			buildRules = (
			);
			dependencies = (
				245ECB7E1F4D8410009AB695 /* PBXTargetDependency */,
			);
			name = "Table Views TwoTests";
			productName = "Table Views TwoTests";
			productReference = 245ECB7C1F4D8410009AB695 /* Table Views TwoTests.xctest */;
			productType = "com.apple.product-type.bundle.unit-test";
		};
		245ECB861F4D8410009AB695 /* Table Views TwoUITests */ = {
			isa = PBXNativeTarget;
			buildConfigurationList = 245ECB961F4D8410009AB695 /* Build configuration list for PBXNativeTarget "Table Views TwoUITests" */;
			buildPhases = (
				245ECB831F4D8410009AB695 /* Sources */,
				245ECB841F4D8410009AB695 /* Frameworks */,
				245ECB851F4D8410009AB695 /* Resources */,
			);
			buildRules = (
			);
			dependencies = (
				245ECB891F4D8410009AB695 /* PBXTargetDependency */,
			);
			name = "Table Views TwoUITests";
			productName = "Table Views TwoUITests";
			productReference = 245ECB871F4D8410009AB695 /* Table Views TwoUITests.xctest */;
			productType = "com.apple.product-type.bundle.ui-testing";
		};
/* End PBXNativeTarget section */

/* Begin PBXProject section */
		245ECB601F4D840F009AB695 /* Project object */ = {
			isa = PBXProject;
			attributes = {
				LastSwiftUpdateCheck = 0830;
				LastUpgradeCheck = 0830;
				ORGANIZATIONNAME = "Ingmar Boddington";
				TargetAttributes = {
					245ECB671F4D840F009AB695 = {
						CreatedOnToolsVersion = 8.3.3;
						ProvisioningStyle = Automatic;
					};
					245ECB7B1F4D8410009AB695 = {
						CreatedOnToolsVersion = 8.3.3;
						ProvisioningStyle = Automatic;
						TestTargetID = 245ECB671F4D840F009AB695;
					};
					245ECB861F4D8410009AB695 = {
						CreatedOnToolsVersion = 8.3.3;
						ProvisioningStyle = Automatic;
						TestTargetID = 245ECB671F4D840F009AB695;
					};
				};
			};
			buildConfigurationList = 245ECB631F4D840F009AB695 /* Build configuration list for PBXProject "Table Views Two" */;
			compatibilityVersion = "Xcode 3.2";
			developmentRegion = English;
			hasScannedForEncodings = 0;
			knownRegions = (
				en,
				Base,
			);
			mainGroup = 245ECB5F1F4D840F009AB695;
			productRefGroup = 245ECB691F4D840F009AB695 /* Products */;
			projectDirPath = "";
			projectRoot = "";
			targets = (
				245ECB671F4D840F009AB695 /* Table Views Two */,
				245ECB7B1F4D8410009AB695 /* Table Views TwoTests */,
				245ECB861F4D8410009AB695 /* Table Views TwoUITests */,
			);
		};
/* End PBXProject section */

/* Begin PBXResourcesBuildPhase section */
		245ECB661F4D840F009AB695 /* Resources */ = {
			isa = PBXResourcesBuildPhase;
			buildActionMask = 2147483647;
			files = (
				245ECB761F4D840F009AB695 /* LaunchScreen.storyboard in Resources */,
				245ECB731F4D840F009AB695 /* Assets.xcassets in Resources */,
				245ECB711F4D840F009AB695 /* Main.storyboard in Resources */,
			);
			runOnlyForDeploymentPostprocessing = 0;
		};
		245ECB7A1F4D8410009AB695 /* Resources */ = {
			isa = PBXResourcesBuildPhase;
			buildActionMask = 2147483647;
			files = (
			);
			runOnlyForDeploymentPostprocessing = 0;
		};
		245ECB851F4D8410009AB695 /* Resources */ = {
			isa = PBXResourcesBuildPhase;
			buildActionMask = 2147483647;
			files = (
			);
			runOnlyForDeploymentPostprocessing = 0;
		};
/* End PBXResourcesBuildPhase section */

/* Begin PBXSourcesBuildPhase section */
		245ECB641F4D840F009AB695 /* Sources */ = {
			isa = PBXSourcesBuildPhase;
			buildActionMask = 2147483647;
			files = (
				245ECB6E1F4D840F009AB695 /* ViewController.swift in Sources */,
				245ECB6C1F4D840F009AB695 /* AppDelegate.swift in Sources */,
			);
			runOnlyForDeploymentPostprocessing = 0;
		};
		245ECB781F4D8410009AB695 /* Sources */ = {
			isa = PBXSourcesBuildPhase;
			buildActionMask = 2147483647;
			files = (
				245ECB811F4D8410009AB695 /* Table_Views_TwoTests.swift in Sources */,
			);
			runOnlyForDeploymentPostprocessing = 0;
		};
		245ECB831F4D8410009AB695 /* Sources */ = {
			isa = PBXSourcesBuildPhase;
			buildActionMask = 2147483647;
			files = (
				245ECB8C1F4D8410009AB695 /* Table_Views_TwoUITests.swift in Sources */,
			);
			runOnlyForDeploymentPostprocessing = 0;
		};
/* End PBXSourcesBuildPhase section */

/* Begin PBXTargetDependency section */
		245ECB7E1F4D8410009AB695 /* PBXTargetDependency */ = {
			isa = PBXTargetDependency;
			target = 245ECB671F4D840F009AB695 /* Table Views Two */;
			targetProxy = 245ECB7D1F4D8410009AB695 /* PBXContainerItemProxy */;
		};
		245ECB891F4D8410009AB695 /* PBXTargetDependency */ = {
			isa = PBXTargetDependency;
			target = 245ECB671F4D840F009AB695 /* Table Views Two */;
			targetProxy = 245ECB881F4D8410009AB695 /* PBXContainerItemProxy */;
		};
/* End PBXTargetDependency section */

/* Begin PBXVariantGroup section */
		245ECB6F1F4D840F009AB695 /* Main.storyboard */ = {
			isa = PBXVariantGroup;
			children = (
				245ECB701F4D840F009AB695 /* Base */,
			);
			name = Main.storyboard;
			sourceTree = "<group>";
		};
		245ECB741F4D840F009AB695 /* LaunchScreen.storyboard */ = {
			isa = PBXVariantGroup;
			children = (
				245ECB751F4D840F009AB695 /* Base */,
			);
			name = LaunchScreen.storyboard;
			sourceTree = "<group>";
		};
/* End PBXVariantGroup section */

/* Begin XCBuildConfiguration section */
		245ECB8E1F4D8410009AB695 /* Debug */ = {
			isa = XCBuildConfiguration;
			buildSettings = {
				ALWAYS_SEARCH_USER_PATHS = NO;
				CLANG_ANALYZER_NONNULL = YES;
				CLANG_ANALYZER_NUMBER_OBJECT_CONVERSION = YES_AGGRESSIVE;
				CLANG_CXX_LANGUAGE_STANDARD = "gnu++0x";
				CLANG_CXX_LIBRARY = "libc++";
				CLANG_ENABLE_MODULES = YES;
				CLANG_ENABLE_OBJC_ARC = YES;
				CLANG_WARN_BOOL_CONVERSION = YES;
				CLANG_WARN_CONSTANT_CONVERSION = YES;
				CLANG_WARN_DIRECT_OBJC_ISA_USAGE = YES_ERROR;
				CLANG_WARN_DOCUMENTATION_COMMENTS = YES;
				CLANG_WARN_EMPTY_BODY = YES;
				CLANG_WARN_ENUM_CONVERSION = YES;
				CLANG_WARN_INFINITE_RECURSION = YES;
				CLANG_WARN_INT_CONVERSION = YES;
				CLANG_WARN_OBJC_ROOT_CLASS = YES_ERROR;
				CLANG_WARN_SUSPICIOUS_MOVE = YES;
				CLANG_WARN_UNREACHABLE_CODE = YES;
				CLANG_WARN__DUPLICATE_METHOD_MATCH = YES;
				"CODE_SIGN_IDENTITY[sdk=iphoneos*]" = "iPhone Developer";
				COPY_PHASE_STRIP = NO;
				DEBUG_INFORMATION_FORMAT = dwarf;
				ENABLE_STRICT_OBJC_MSGSEND = YES;
				ENABLE_TESTABILITY = YES;
				GCC_C_LANGUAGE_STANDARD = gnu99;
				GCC_DYNAMIC_NO_PIC = NO;
				GCC_NO_COMMON_BLOCKS = YES;
				GCC_OPTIMIZATION_LEVEL = 0;
				GCC_PREPROCESSOR_DEFINITIONS = (
					"DEBUG=1",
					"$(inherited)",
				);
				GCC_WARN_64_TO_32_BIT_CONVERSION = YES;
				GCC_WARN_ABOUT_RETURN_TYPE = YES_ERROR;
				GCC_WARN_UNDECLARED_SELECTOR = YES;
				GCC_WARN_UNINITIALIZED_AUTOS = YES_AGGRESSIVE;
				GCC_WARN_UNUSED_FUNCTION = YES;
				GCC_WARN_UNUSED_VARIABLE = YES;
				IPHONEOS_DEPLOYMENT_TARGET = 10.3;
				MTL_ENABLE_DEBUG_INFO = YES;
				ONLY_ACTIVE_ARCH = YES;
				SDKROOT = iphoneos;
				SWIFT_ACTIVE_COMPILATION_CONDITIONS = DEBUG;
				SWIFT_OPTIMIZATION_LEVEL = "-Onone";
				TARGETED_DEVICE_FAMILY = "1,2";
			};
			name = Debug;
		};
		245ECB8F1F4D8410009AB695 /* Release */ = {
			isa = XCBuildConfiguration;
			buildSettings = {
				ALWAYS_SEARCH_USER_PATHS = NO;
				CLANG_ANALYZER_NONNULL = YES;
				CLANG_ANALYZER_NUMBER_OBJECT_CONVERSION = YES_AGGRESSIVE;
				CLANG_CXX_LANGUAGE_STANDARD = "gnu++0x";
				CLANG_CXX_LIBRARY = "libc++";
				CLANG_ENABLE_MODULES = YES;
				CLANG_ENABLE_OBJC_ARC = YES;
				CLANG_WARN_BOOL_CONVERSION = YES;
				CLANG_WARN_CONSTANT_CONVERSION = YES;
				CLANG_WARN_DIRECT_OBJC_ISA_USAGE = YES_ERROR;
				CLANG_WARN_DOCUMENTATION_COMMENTS = YES;
				CLANG_WARN_EMPTY_BODY = YES;
				CLANG_WARN_ENUM_CONVERSION = YES;
				CLANG_WARN_INFINITE_RECURSION = YES;
				CLANG_WARN_INT_CONVERSION = YES;
				CLANG_WARN_OBJC_ROOT_CLASS = YES_ERROR;
				CLANG_WARN_SUSPICIOUS_MOVE = YES;
				CLANG_WARN_UNREACHABLE_CODE = YES;
				CLANG_WARN__DUPLICATE_METHOD_MATCH = YES;
				"CODE_SIGN_IDENTITY[sdk=iphoneos*]" = "iPhone Developer";
				COPY_PHASE_STRIP = NO;
				DEBUG_INFORMATION_FORMAT = "dwarf-with-dsym";
				ENABLE_NS_ASSERTIONS = NO;
				ENABLE_STRICT_OBJC_MSGSEND = YES;
				GCC_C_LANGUAGE_STANDARD = gnu99;
				GCC_NO_COMMON_BLOCKS = YES;
				GCC_WARN_64_TO_32_BIT_CONVERSION = YES;
				GCC_WARN_ABOUT_RETURN_TYPE = YES_ERROR;
				GCC_WARN_UNDECLARED_SELECTOR = YES;
				GCC_WARN_UNINITIALIZED_AUTOS = YES_AGGRESSIVE;
				GCC_WARN_UNUSED_FUNCTION = YES;
				GCC_WARN_UNUSED_VARIABLE = YES;
				IPHONEOS_DEPLOYMENT_TARGET = 10.3;
				MTL_ENABLE_DEBUG_INFO = NO;
				SDKROOT = iphoneos;
				SWIFT_OPTIMIZATION_LEVEL = "-Owholemodule";
				TARGETED_DEVICE_FAMILY = "1,2";
				VALIDATE_PRODUCT = YES;
			};
			name = Release;
		};
		245ECB911F4D8410009AB695 /* Debug */ = {
			isa = XCBuildConfiguration;
			buildSettings = {
				ASSETCATALOG_COMPILER_APPICON_NAME = AppIcon;
				INFOPLIST_FILE = "Table Views Two/Info.plist";
				LD_RUNPATH_SEARCH_PATHS = "$(inherited) @executable_path/Frameworks";
				PRODUCT_BUNDLE_IDENTIFIER = "Plusnet.Table-Views-Two";
				PRODUCT_NAME = "$(TARGET_NAME)";
				SWIFT_VERSION = 3.0;
			};
			name = Debug;
		};
		245ECB921F4D8410009AB695 /* Release */ = {
			isa = XCBuildConfiguration;
			buildSettings = {
				ASSETCATALOG_COMPILER_APPICON_NAME = AppIcon;
				INFOPLIST_FILE = "Table Views Two/Info.plist";
				LD_RUNPATH_SEARCH_PATHS = "$(inherited) @executable_path/Frameworks";
				PRODUCT_BUNDLE_IDENTIFIER = "Plusnet.Table-Views-Two";
				PRODUCT_NAME = "$(TARGET_NAME)";
				SWIFT_VERSION = 3.0;
			};
			name = Release;
		};
		245ECB941F4D8410009AB695 /* Debug */ = {
			isa = XCBuildConfiguration;
			buildSettings = {
				ALWAYS_EMBED_SWIFT_STANDARD_LIBRARIES = YES;
				BUNDLE_LOADER = "$(TEST_HOST)";
				INFOPLIST_FILE = "Table Views TwoTests/Info.plist";
				LD_RUNPATH_SEARCH_PATHS = "$(inherited) @executable_path/Frameworks @loader_path/Frameworks";
				PRODUCT_BUNDLE_IDENTIFIER = "Plusnet.Table-Views-TwoTests";
				PRODUCT_NAME = "$(TARGET_NAME)";
				SWIFT_VERSION = 3.0;
				TEST_HOST = "$(BUILT_PRODUCTS_DIR)/Table Views Two.app/Table Views Two";
			};
			name = Debug;
		};
		245ECB951F4D8410009AB695 /* Release */ = {
			isa = XCBuildConfiguration;
			buildSettings = {
				ALWAYS_EMBED_SWIFT_STANDARD_LIBRARIES = YES;
				BUNDLE_LOADER = "$(TEST_HOST)";
				INFOPLIST_FILE = "Table Views TwoTests/Info.plist";
				LD_RUNPATH_SEARCH_PATHS = "$(inherited) @executable_path/Frameworks @loader_path/Frameworks";
				PRODUCT_BUNDLE_IDENTIFIER = "Plusnet.Table-Views-TwoTests";
				PRODUCT_NAME = "$(TARGET_NAME)";
				SWIFT_VERSION = 3.0;
				TEST_HOST = "$(BUILT_PRODUCTS_DIR)/Table Views Two.app/Table Views Two";
			};
			name = Release;
		};
		245ECB971F4D8410009AB695 /* Debug */ = {
			isa = XCBuildConfiguration;
			buildSettings = {
				ALWAYS_EMBED_SWIFT_STANDARD_LIBRARIES = YES;
				INFOPLIST_FILE = "Table Views TwoUITests/Info.plist";
				LD_RUNPATH_SEARCH_PATHS = "$(inherited) @executable_path/Frameworks @loader_path/Frameworks";
				PRODUCT_BUNDLE_IDENTIFIER = "Plusnet.Table-Views-TwoUITests";
				PRODUCT_NAME = "$(TARGET_NAME)";
				SWIFT_VERSION = 3.0;
				TEST_TARGET_NAME = "Table Views Two";
			};
			name = Debug;
		};
		245ECB981F4D8410009AB695 /* Release */ = {
			isa = XCBuildConfiguration;
			buildSettings = {
				ALWAYS_EMBED_SWIFT_STANDARD_LIBRARIES = YES;
				INFOPLIST_FILE = "Table Views TwoUITests/Info.plist";
				LD_RUNPATH_SEARCH_PATHS = "$(inherited) @executable_path/Frameworks @loader_path/Frameworks";
				PRODUCT_BUNDLE_IDENTIFIER = "Plusnet.Table-Views-TwoUITests";
				PRODUCT_NAME = "$(TARGET_NAME)";
				SWIFT_VERSION = 3.0;
				TEST_TARGET_NAME = "Table Views Two";
			};
			name = Release;
		};
/* End XCBuildConfiguration section */

/* Begin XCConfigurationList section */
		245ECB631F4D840F009AB695 /* Build configuration list for PBXProject "Table Views Two" */ = {
			isa = XCConfigurationList;
			buildConfigurations = (
				245ECB8E1F4D8410009AB695 /* Debug */,
				245ECB8F1F4D8410009AB695 /* Release */,
			);
			defaultConfigurationIsVisible = 0;
			defaultConfigurationName = Release;
		};
		245ECB901F4D8410009AB695 /* Build configuration list for PBXNativeTarget "Table Views Two" */ = {
			isa = XCConfigurationList;
			buildConfigurations = (
				245ECB911F4D8410009AB695 /* Debug */,
				245ECB921F4D8410009AB695 /* Release */,
			);
			defaultConfigurationIsVisible = 0;
		};
		245ECB931F4D8410009AB695 /* Build configuration list for PBXNativeTarget "Table Views TwoTests" */ = {
			isa = XCConfigurationList;
			buildConfigurations = (
				245ECB941F4D8410009AB695 /* Debug */,
				245ECB951F4D8410009AB695 /* Release */,
			);
			defaultConfigurationIsVisible = 0;
		};
		245ECB961F4D8410009AB695 /* Build configuration list for PBXNativeTarget "Table Views TwoUITests" */ = {
			isa = XCConfigurationList;
			buildConfigurations = (
				245ECB971F4D8410009AB695 /* Debug */,
				245ECB981F4D8410009AB695 /* Release */,
			);
			defaultConfigurationIsVisible = 0;
		};
/* End XCConfigurationList section */
	};
	rootObject = 245ECB601F4D840F009AB695 /* Project object */;
}
