// !$*UTF8*$!
{
	archiveVersion = 1;
	classes = {
	};
	objectVersion = 46;
	objects = {

/* Begin PBXBuildFile section */
		24A0A9B61F56EFBA0085E6CE /* AppDelegate.swift in Sources */ = {isa = PBXBuildFile; fileRef = 24A0A9B51F56EFBA0085E6CE /* AppDelegate.swift */; };
		24A0A9B81F56EFBA0085E6CE /* ViewController.swift in Sources */ = {isa = PBXBuildFile; fileRef = 24A0A9B71F56EFBA0085E6CE /* ViewController.swift */; };
		24A0A9BB1F56EFBA0085E6CE /* Main.storyboard in Resources */ = {isa = PBXBuildFile; fileRef = 24A0A9B91F56EFBA0085E6CE /* Main.storyboard */; };
		24A0A9BD1F56EFBA0085E6CE /* Assets.xcassets in Resources */ = {isa = PBXBuildFile; fileRef = 24A0A9BC1F56EFBA0085E6CE /* Assets.xcassets */; };
		24A0A9C01F56EFBA0085E6CE /* LaunchScreen.storyboard in Resources */ = {isa = PBXBuildFile; fileRef = 24A0A9BE1F56EFBA0085E6CE /* LaunchScreen.storyboard */; };
		24A0A9CB1F56EFBA0085E6CE /* AnimationTests.swift in Sources */ = {isa = PBXBuildFile; fileRef = 24A0A9CA1F56EFBA0085E6CE /* AnimationTests.swift */; };
		24A0A9D61F56EFBA0085E6CE /* AnimationUITests.swift in Sources */ = {isa = PBXBuildFile; fileRef = 24A0A9D51F56EFBA0085E6CE /* AnimationUITests.swift */; };
		24A0A9F21F56F1920085E6CE /* frame_14_delay-0.1s.gif in Resources */ = {isa = PBXBuildFile; fileRef = 24A0A9E31F56F1920085E6CE /* frame_14_delay-0.1s.gif */; };
		24A0A9F31F56F1920085E6CE /* frame_13_delay-0.1s.gif in Resources */ = {isa = PBXBuildFile; fileRef = 24A0A9E41F56F1920085E6CE /* frame_13_delay-0.1s.gif */; };
		24A0A9F41F56F1920085E6CE /* frame_12_delay-0.1s.gif in Resources */ = {isa = PBXBuildFile; fileRef = 24A0A9E51F56F1920085E6CE /* frame_12_delay-0.1s.gif */; };
		24A0A9F51F56F1920085E6CE /* frame_11_delay-0.1s.gif in Resources */ = {isa = PBXBuildFile; fileRef = 24A0A9E61F56F1920085E6CE /* frame_11_delay-0.1s.gif */; };
		24A0A9F61F56F1920085E6CE /* frame_10_delay-0.1s.gif in Resources */ = {isa = PBXBuildFile; fileRef = 24A0A9E71F56F1920085E6CE /* frame_10_delay-0.1s.gif */; };
		24A0A9F71F56F1920085E6CE /* frame_09_delay-0.1s.gif in Resources */ = {isa = PBXBuildFile; fileRef = 24A0A9E81F56F1920085E6CE /* frame_09_delay-0.1s.gif */; };
		24A0A9F81F56F1920085E6CE /* frame_08_delay-0.1s.gif in Resources */ = {isa = PBXBuildFile; fileRef = 24A0A9E91F56F1920085E6CE /* frame_08_delay-0.1s.gif */; };
		24A0A9F91F56F1920085E6CE /* frame_07_delay-0.1s.gif in Resources */ = {isa = PBXBuildFile; fileRef = 24A0A9EA1F56F1920085E6CE /* frame_07_delay-0.1s.gif */; };
		24A0A9FA1F56F1920085E6CE /* frame_06_delay-0.1s.gif in Resources */ = {isa = PBXBuildFile; fileRef = 24A0A9EB1F56F1920085E6CE /* frame_06_delay-0.1s.gif */; };
		24A0A9FB1F56F1920085E6CE /* frame_05_delay-0.1s.gif in Resources */ = {isa = PBXBuildFile; fileRef = 24A0A9EC1F56F1920085E6CE /* frame_05_delay-0.1s.gif */; };
		24A0A9FC1F56F1920085E6CE /* frame_04_delay-0.1s.gif in Resources */ = {isa = PBXBuildFile; fileRef = 24A0A9ED1F56F1920085E6CE /* frame_04_delay-0.1s.gif */; };
		24A0A9FD1F56F1920085E6CE /* frame_03_delay-0.1s.gif in Resources */ = {isa = PBXBuildFile; fileRef = 24A0A9EE1F56F1920085E6CE /* frame_03_delay-0.1s.gif */; };
		24A0A9FE1F56F1920085E6CE /* frame_02_delay-0.1s.gif in Resources */ = {isa = PBXBuildFile; fileRef = 24A0A9EF1F56F1920085E6CE /* frame_02_delay-0.1s.gif */; };
		24A0A9FF1F56F1920085E6CE /* frame_01_delay-0.1s.gif in Resources */ = {isa = PBXBuildFile; fileRef = 24A0A9F01F56F1920085E6CE /* frame_01_delay-0.1s.gif */; };
		24A0AA001F56F1920085E6CE /* frame_00_delay-0.1s.gif in Resources */ = {isa = PBXBuildFile; fileRef = 24A0A9F11F56F1920085E6CE /* frame_00_delay-0.1s.gif */; };
/* End PBXBuildFile section */

/* Begin PBXContainerItemProxy section */
		24A0A9C71F56EFBA0085E6CE /* PBXContainerItemProxy */ = {
			isa = PBXContainerItemProxy;
			containerPortal = 24A0A9AA1F56EFBA0085E6CE /* Project object */;
			proxyType = 1;
			remoteGlobalIDString = 24A0A9B11F56EFBA0085E6CE;
			remoteInfo = Animation;
		};
		24A0A9D21F56EFBA0085E6CE /* PBXContainerItemProxy */ = {
			isa = PBXContainerItemProxy;
			containerPortal = 24A0A9AA1F56EFBA0085E6CE /* Project object */;
			proxyType = 1;
			remoteGlobalIDString = 24A0A9B11F56EFBA0085E6CE;
			remoteInfo = Animation;
		};
/* End PBXContainerItemProxy section */

/* Begin PBXFileReference section */
		24A0A9B21F56EFBA0085E6CE /* Animation.app */ = {isa = PBXFileReference; explicitFileType = wrapper.application; includeInIndex = 0; path = Animation.app; sourceTree = BUILT_PRODUCTS_DIR; };
		24A0A9B51F56EFBA0085E6CE /* AppDelegate.swift */ = {isa = PBXFileReference; lastKnownFileType = sourcecode.swift; path = AppDelegate.swift; sourceTree = "<group>"; };
		24A0A9B71F56EFBA0085E6CE /* ViewController.swift */ = {isa = PBXFileReference; lastKnownFileType = sourcecode.swift; path = ViewController.swift; sourceTree = "<group>"; };
		24A0A9BA1F56EFBA0085E6CE /* Base */ = {isa = PBXFileReference; lastKnownFileType = file.storyboard; name = Base; path = Base.lproj/Main.storyboard; sourceTree = "<group>"; };
		24A0A9BC1F56EFBA0085E6CE /* Assets.xcassets */ = {isa = PBXFileReference; lastKnownFileType = folder.assetcatalog; path = Assets.xcassets; sourceTree = "<group>"; };
		24A0A9BF1F56EFBA0085E6CE /* Base */ = {isa = PBXFileReference; lastKnownFileType = file.storyboard; name = Base; path = Base.lproj/LaunchScreen.storyboard; sourceTree = "<group>"; };
		24A0A9C11F56EFBA0085E6CE /* Info.plist */ = {isa = PBXFileReference; lastKnownFileType = text.plist.xml; path = Info.plist; sourceTree = "<group>"; };
		24A0A9C61F56EFBA0085E6CE /* AnimationTests.xctest */ = {isa = PBXFileReference; explicitFileType = wrapper.cfbundle; includeInIndex = 0; path = AnimationTests.xctest; sourceTree = BUILT_PRODUCTS_DIR; };
		24A0A9CA1F56EFBA0085E6CE /* AnimationTests.swift */ = {isa = PBXFileReference; lastKnownFileType = sourcecode.swift; path = AnimationTests.swift; sourceTree = "<group>"; };
		24A0A9CC1F56EFBA0085E6CE /* Info.plist */ = {isa = PBXFileReference; lastKnownFileType = text.plist.xml; path = Info.plist; sourceTree = "<group>"; };
		24A0A9D11F56EFBA0085E6CE /* AnimationUITests.xctest */ = {isa = PBXFileReference; explicitFileType = wrapper.cfbundle; includeInIndex = 0; path = AnimationUITests.xctest; sourceTree = BUILT_PRODUCTS_DIR; };
		24A0A9D51F56EFBA0085E6CE /* AnimationUITests.swift */ = {isa = PBXFileReference; lastKnownFileType = sourcecode.swift; path = AnimationUITests.swift; sourceTree = "<group>"; };
		24A0A9D71F56EFBA0085E6CE /* Info.plist */ = {isa = PBXFileReference; lastKnownFileType = text.plist.xml; path = Info.plist; sourceTree = "<group>"; };
		24A0A9E31F56F1920085E6CE /* frame_14_delay-0.1s.gif */ = {isa = PBXFileReference; lastKnownFileType = image.gif; name = "frame_14_delay-0.1s.gif"; path = "../../../Downloads/ezgif-4-81eac9b64d-gif-im/frame_14_delay-0.1s.gif"; sourceTree = "<group>"; };
		24A0A9E41F56F1920085E6CE /* frame_13_delay-0.1s.gif */ = {isa = PBXFileReference; lastKnownFileType = image.gif; name = "frame_13_delay-0.1s.gif"; path = "../../../Downloads/ezgif-4-81eac9b64d-gif-im/frame_13_delay-0.1s.gif"; sourceTree = "<group>"; };
		24A0A9E51F56F1920085E6CE /* frame_12_delay-0.1s.gif */ = {isa = PBXFileReference; lastKnownFileType = image.gif; name = "frame_12_delay-0.1s.gif"; path = "../../../Downloads/ezgif-4-81eac9b64d-gif-im/frame_12_delay-0.1s.gif"; sourceTree = "<group>"; };
		24A0A9E61F56F1920085E6CE /* frame_11_delay-0.1s.gif */ = {isa = PBXFileReference; lastKnownFileType = image.gif; name = "frame_11_delay-0.1s.gif"; path = "../../../Downloads/ezgif-4-81eac9b64d-gif-im/frame_11_delay-0.1s.gif"; sourceTree = "<group>"; };
		24A0A9E71F56F1920085E6CE /* frame_10_delay-0.1s.gif */ = {isa = PBXFileReference; lastKnownFileType = image.gif; name = "frame_10_delay-0.1s.gif"; path = "../../../Downloads/ezgif-4-81eac9b64d-gif-im/frame_10_delay-0.1s.gif"; sourceTree = "<group>"; };
		24A0A9E81F56F1920085E6CE /* frame_09_delay-0.1s.gif */ = {isa = PBXFileReference; lastKnownFileType = image.gif; name = "frame_09_delay-0.1s.gif"; path = "../../../Downloads/ezgif-4-81eac9b64d-gif-im/frame_09_delay-0.1s.gif"; sourceTree = "<group>"; };
		24A0A9E91F56F1920085E6CE /* frame_08_delay-0.1s.gif */ = {isa = PBXFileReference; lastKnownFileType = image.gif; name = "frame_08_delay-0.1s.gif"; path = "../../../Downloads/ezgif-4-81eac9b64d-gif-im/frame_08_delay-0.1s.gif"; sourceTree = "<group>"; };
		24A0A9EA1F56F1920085E6CE /* frame_07_delay-0.1s.gif */ = {isa = PBXFileReference; lastKnownFileType = image.gif; name = "frame_07_delay-0.1s.gif"; path = "../../../Downloads/ezgif-4-81eac9b64d-gif-im/frame_07_delay-0.1s.gif"; sourceTree = "<group>"; };
		24A0A9EB1F56F1920085E6CE /* frame_06_delay-0.1s.gif */ = {isa = PBXFileReference; lastKnownFileType = image.gif; name = "frame_06_delay-0.1s.gif"; path = "../../../Downloads/ezgif-4-81eac9b64d-gif-im/frame_06_delay-0.1s.gif"; sourceTree = "<group>"; };
		24A0A9EC1F56F1920085E6CE /* frame_05_delay-0.1s.gif */ = {isa = PBXFileReference; lastKnownFileType = image.gif; name = "frame_05_delay-0.1s.gif"; path = "../../../Downloads/ezgif-4-81eac9b64d-gif-im/frame_05_delay-0.1s.gif"; sourceTree = "<group>"; };
		24A0A9ED1F56F1920085E6CE /* frame_04_delay-0.1s.gif */ = {isa = PBXFileReference; lastKnownFileType = image.gif; name = "frame_04_delay-0.1s.gif"; path = "../../../Downloads/ezgif-4-81eac9b64d-gif-im/frame_04_delay-0.1s.gif"; sourceTree = "<group>"; };
		24A0A9EE1F56F1920085E6CE /* frame_03_delay-0.1s.gif */ = {isa = PBXFileReference; lastKnownFileType = image.gif; name = "frame_03_delay-0.1s.gif"; path = "../../../Downloads/ezgif-4-81eac9b64d-gif-im/frame_03_delay-0.1s.gif"; sourceTree = "<group>"; };
		24A0A9EF1F56F1920085E6CE /* frame_02_delay-0.1s.gif */ = {isa = PBXFileReference; lastKnownFileType = image.gif; name = "frame_02_delay-0.1s.gif"; path = "../../../Downloads/ezgif-4-81eac9b64d-gif-im/frame_02_delay-0.1s.gif"; sourceTree = "<group>"; };
		24A0A9F01F56F1920085E6CE /* frame_01_delay-0.1s.gif */ = {isa = PBXFileReference; lastKnownFileType = image.gif; name = "frame_01_delay-0.1s.gif"; path = "../../../Downloads/ezgif-4-81eac9b64d-gif-im/frame_01_delay-0.1s.gif"; sourceTree = "<group>"; };
		24A0A9F11F56F1920085E6CE /* frame_00_delay-0.1s.gif */ = {isa = PBXFileReference; lastKnownFileType = image.gif; name = "frame_00_delay-0.1s.gif"; path = "../../../Downloads/ezgif-4-81eac9b64d-gif-im/frame_00_delay-0.1s.gif"; sourceTree = "<group>"; };
/* End PBXFileReference section */

/* Begin PBXFrameworksBuildPhase section */
		24A0A9AF1F56EFBA0085E6CE /* Frameworks */ = {
			isa = PBXFrameworksBuildPhase;
			buildActionMask = 2147483647;
			files = (
			);
			runOnlyForDeploymentPostprocessing = 0;
		};
		24A0A9C31F56EFBA0085E6CE /* Frameworks */ = {
			isa = PBXFrameworksBuildPhase;
			buildActionMask = 2147483647;
			files = (
			);
			runOnlyForDeploymentPostprocessing = 0;
		};
		24A0A9CE1F56EFBA0085E6CE /* Frameworks */ = {
			isa = PBXFrameworksBuildPhase;
			buildActionMask = 2147483647;
			files = (
			);
			runOnlyForDeploymentPostprocessing = 0;
		};
/* End PBXFrameworksBuildPhase section */

/* Begin PBXGroup section */
		24A0A9A91F56EFBA0085E6CE = {
			isa = PBXGroup;
			children = (
				24A0A9B41F56EFBA0085E6CE /* Animation */,
				24A0A9C91F56EFBA0085E6CE /* AnimationTests */,
				24A0A9D41F56EFBA0085E6CE /* AnimationUITests */,
				24A0A9B31F56EFBA0085E6CE /* Products */,
			);
			sourceTree = "<group>";
		};
		24A0A9B31F56EFBA0085E6CE /* Products */ = {
			isa = PBXGroup;
			children = (
				24A0A9B21F56EFBA0085E6CE /* Animation.app */,
				24A0A9C61F56EFBA0085E6CE /* AnimationTests.xctest */,
				24A0A9D11F56EFBA0085E6CE /* AnimationUITests.xctest */,
			);
			name = Products;
			sourceTree = "<group>";
		};
		24A0A9B41F56EFBA0085E6CE /* Animation */ = {
			isa = PBXGroup;
			children = (
				24A0A9E31F56F1920085E6CE /* frame_14_delay-0.1s.gif */,
				24A0A9E41F56F1920085E6CE /* frame_13_delay-0.1s.gif */,
				24A0A9E51F56F1920085E6CE /* frame_12_delay-0.1s.gif */,
				24A0A9E61F56F1920085E6CE /* frame_11_delay-0.1s.gif */,
				24A0A9E71F56F1920085E6CE /* frame_10_delay-0.1s.gif */,
				24A0A9E81F56F1920085E6CE /* frame_09_delay-0.1s.gif */,
				24A0A9E91F56F1920085E6CE /* frame_08_delay-0.1s.gif */,
				24A0A9EA1F56F1920085E6CE /* frame_07_delay-0.1s.gif */,
				24A0A9EB1F56F1920085E6CE /* frame_06_delay-0.1s.gif */,
				24A0A9EC1F56F1920085E6CE /* frame_05_delay-0.1s.gif */,
				24A0A9ED1F56F1920085E6CE /* frame_04_delay-0.1s.gif */,
				24A0A9EE1F56F1920085E6CE /* frame_03_delay-0.1s.gif */,
				24A0A9EF1F56F1920085E6CE /* frame_02_delay-0.1s.gif */,
				24A0A9F01F56F1920085E6CE /* frame_01_delay-0.1s.gif */,
				24A0A9F11F56F1920085E6CE /* frame_00_delay-0.1s.gif */,
				24A0A9B51F56EFBA0085E6CE /* AppDelegate.swift */,
				24A0A9B71F56EFBA0085E6CE /* ViewController.swift */,
				24A0A9B91F56EFBA0085E6CE /* Main.storyboard */,
				24A0A9BC1F56EFBA0085E6CE /* Assets.xcassets */,
				24A0A9BE1F56EFBA0085E6CE /* LaunchScreen.storyboard */,
				24A0A9C11F56EFBA0085E6CE /* Info.plist */,
			);
			path = Animation;
			sourceTree = "<group>";
		};
		24A0A9C91F56EFBA0085E6CE /* AnimationTests */ = {
			isa = PBXGroup;
			children = (
				24A0A9CA1F56EFBA0085E6CE /* AnimationTests.swift */,
				24A0A9CC1F56EFBA0085E6CE /* Info.plist */,
			);
			path = AnimationTests;
			sourceTree = "<group>";
		};
		24A0A9D41F56EFBA0085E6CE /* AnimationUITests */ = {
			isa = PBXGroup;
			children = (
				24A0A9D51F56EFBA0085E6CE /* AnimationUITests.swift */,
				24A0A9D71F56EFBA0085E6CE /* Info.plist */,
			);
			path = AnimationUITests;
			sourceTree = "<group>";
		};
/* End PBXGroup section */

/* Begin PBXNativeTarget section */
		24A0A9B11F56EFBA0085E6CE /* Animation */ = {
			isa = PBXNativeTarget;
			buildConfigurationList = 24A0A9DA1F56EFBA0085E6CE /* Build configuration list for PBXNativeTarget "Animation" */;
			buildPhases = (
				24A0A9AE1F56EFBA0085E6CE /* Sources */,
				24A0A9AF1F56EFBA0085E6CE /* Frameworks */,
				24A0A9B01F56EFBA0085E6CE /* Resources */,
			);
			buildRules = (
			);
			dependencies = (
			);
			name = Animation;
			productName = Animation;
			productReference = 24A0A9B21F56EFBA0085E6CE /* Animation.app */;
			productType = "com.apple.product-type.application";
		};
		24A0A9C51F56EFBA0085E6CE /* AnimationTests */ = {
			isa = PBXNativeTarget;
			buildConfigurationList = 24A0A9DD1F56EFBA0085E6CE /* Build configuration list for PBXNativeTarget "AnimationTests" */;
			buildPhases = (
				24A0A9C21F56EFBA0085E6CE /* Sources */,
				24A0A9C31F56EFBA0085E6CE /* Frameworks */,
				24A0A9C41F56EFBA0085E6CE /* Resources */,
			);
			buildRules = (
			);
			dependencies = (
				24A0A9C81F56EFBA0085E6CE /* PBXTargetDependency */,
			);
			name = AnimationTests;
			productName = AnimationTests;
			productReference = 24A0A9C61F56EFBA0085E6CE /* AnimationTests.xctest */;
			productType = "com.apple.product-type.bundle.unit-test";
		};
		24A0A9D01F56EFBA0085E6CE /* AnimationUITests */ = {
			isa = PBXNativeTarget;
			buildConfigurationList = 24A0A9E01F56EFBA0085E6CE /* Build configuration list for PBXNativeTarget "AnimationUITests" */;
			buildPhases = (
				24A0A9CD1F56EFBA0085E6CE /* Sources */,
				24A0A9CE1F56EFBA0085E6CE /* Frameworks */,
				24A0A9CF1F56EFBA0085E6CE /* Resources */,
			);
			buildRules = (
			);
			dependencies = (
				24A0A9D31F56EFBA0085E6CE /* PBXTargetDependency */,
			);
			name = AnimationUITests;
			productName = AnimationUITests;
			productReference = 24A0A9D11F56EFBA0085E6CE /* AnimationUITests.xctest */;
			productType = "com.apple.product-type.bundle.ui-testing";
		};
/* End PBXNativeTarget section */

/* Begin PBXProject section */
		24A0A9AA1F56EFBA0085E6CE /* Project object */ = {
			isa = PBXProject;
			attributes = {
				LastSwiftUpdateCheck = 0830;
				LastUpgradeCheck = 0830;
				ORGANIZATIONNAME = "Ingmar Boddington";
				TargetAttributes = {
					24A0A9B11F56EFBA0085E6CE = {
						CreatedOnToolsVersion = 8.3.3;
						ProvisioningStyle = Automatic;
					};
					24A0A9C51F56EFBA0085E6CE = {
						CreatedOnToolsVersion = 8.3.3;
						ProvisioningStyle = Automatic;
						TestTargetID = 24A0A9B11F56EFBA0085E6CE;
					};
					24A0A9D01F56EFBA0085E6CE = {
						CreatedOnToolsVersion = 8.3.3;
						ProvisioningStyle = Automatic;
						TestTargetID = 24A0A9B11F56EFBA0085E6CE;
					};
				};
			};
			buildConfigurationList = 24A0A9AD1F56EFBA0085E6CE /* Build configuration list for PBXProject "Animation" */;
			compatibilityVersion = "Xcode 3.2";
			developmentRegion = English;
			hasScannedForEncodings = 0;
			knownRegions = (
				en,
				Base,
			);
			mainGroup = 24A0A9A91F56EFBA0085E6CE;
			productRefGroup = 24A0A9B31F56EFBA0085E6CE /* Products */;
			projectDirPath = "";
			projectRoot = "";
			targets = (
				24A0A9B11F56EFBA0085E6CE /* Animation */,
				24A0A9C51F56EFBA0085E6CE /* AnimationTests */,
				24A0A9D01F56EFBA0085E6CE /* AnimationUITests */,
			);
		};
/* End PBXProject section */

/* Begin PBXResourcesBuildPhase section */
		24A0A9B01F56EFBA0085E6CE /* Resources */ = {
			isa = PBXResourcesBuildPhase;
			buildActionMask = 2147483647;
			files = (
				24A0AA001F56F1920085E6CE /* frame_00_delay-0.1s.gif in Resources */,
				24A0A9FA1F56F1920085E6CE /* frame_06_delay-0.1s.gif in Resources */,
				24A0A9F91F56F1920085E6CE /* frame_07_delay-0.1s.gif in Resources */,
				24A0A9FC1F56F1920085E6CE /* frame_04_delay-0.1s.gif in Resources */,
				24A0A9F71F56F1920085E6CE /* frame_09_delay-0.1s.gif in Resources */,
				24A0A9FE1F56F1920085E6CE /* frame_02_delay-0.1s.gif in Resources */,
				24A0A9C01F56EFBA0085E6CE /* LaunchScreen.storyboard in Resources */,
				24A0A9F31F56F1920085E6CE /* frame_13_delay-0.1s.gif in Resources */,
				24A0A9F51F56F1920085E6CE /* frame_11_delay-0.1s.gif in Resources */,
				24A0A9F81F56F1920085E6CE /* frame_08_delay-0.1s.gif in Resources */,
				24A0A9F61F56F1920085E6CE /* frame_10_delay-0.1s.gif in Resources */,
				24A0A9FD1F56F1920085E6CE /* frame_03_delay-0.1s.gif in Resources */,
				24A0A9BD1F56EFBA0085E6CE /* Assets.xcassets in Resources */,
				24A0A9BB1F56EFBA0085E6CE /* Main.storyboard in Resources */,
				24A0A9FF1F56F1920085E6CE /* frame_01_delay-0.1s.gif in Resources */,
				24A0A9FB1F56F1920085E6CE /* frame_05_delay-0.1s.gif in Resources */,
				24A0A9F21F56F1920085E6CE /* frame_14_delay-0.1s.gif in Resources */,
				24A0A9F41F56F1920085E6CE /* frame_12_delay-0.1s.gif in Resources */,
			);
			runOnlyForDeploymentPostprocessing = 0;
		};
		24A0A9C41F56EFBA0085E6CE /* Resources */ = {
			isa = PBXResourcesBuildPhase;
			buildActionMask = 2147483647;
			files = (
			);
			runOnlyForDeploymentPostprocessing = 0;
		};
		24A0A9CF1F56EFBA0085E6CE /* Resources */ = {
			isa = PBXResourcesBuildPhase;
			buildActionMask = 2147483647;
			files = (
			);
			runOnlyForDeploymentPostprocessing = 0;
		};
/* End PBXResourcesBuildPhase section */

/* Begin PBXSourcesBuildPhase section */
		24A0A9AE1F56EFBA0085E6CE /* Sources */ = {
			isa = PBXSourcesBuildPhase;
			buildActionMask = 2147483647;
			files = (
				24A0A9B81F56EFBA0085E6CE /* ViewController.swift in Sources */,
				24A0A9B61F56EFBA0085E6CE /* AppDelegate.swift in Sources */,
			);
			runOnlyForDeploymentPostprocessing = 0;
		};
		24A0A9C21F56EFBA0085E6CE /* Sources */ = {
			isa = PBXSourcesBuildPhase;
			buildActionMask = 2147483647;
			files = (
				24A0A9CB1F56EFBA0085E6CE /* AnimationTests.swift in Sources */,
			);
			runOnlyForDeploymentPostprocessing = 0;
		};
		24A0A9CD1F56EFBA0085E6CE /* Sources */ = {
			isa = PBXSourcesBuildPhase;
			buildActionMask = 2147483647;
			files = (
				24A0A9D61F56EFBA0085E6CE /* AnimationUITests.swift in Sources */,
			);
			runOnlyForDeploymentPostprocessing = 0;
		};
/* End PBXSourcesBuildPhase section */

/* Begin PBXTargetDependency section */
		24A0A9C81F56EFBA0085E6CE /* PBXTargetDependency */ = {
			isa = PBXTargetDependency;
			target = 24A0A9B11F56EFBA0085E6CE /* Animation */;
			targetProxy = 24A0A9C71F56EFBA0085E6CE /* PBXContainerItemProxy */;
		};
		24A0A9D31F56EFBA0085E6CE /* PBXTargetDependency */ = {
			isa = PBXTargetDependency;
			target = 24A0A9B11F56EFBA0085E6CE /* Animation */;
			targetProxy = 24A0A9D21F56EFBA0085E6CE /* PBXContainerItemProxy */;
		};
/* End PBXTargetDependency section */

/* Begin PBXVariantGroup section */
		24A0A9B91F56EFBA0085E6CE /* Main.storyboard */ = {
			isa = PBXVariantGroup;
			children = (
				24A0A9BA1F56EFBA0085E6CE /* Base */,
			);
			name = Main.storyboard;
			sourceTree = "<group>";
		};
		24A0A9BE1F56EFBA0085E6CE /* LaunchScreen.storyboard */ = {
			isa = PBXVariantGroup;
			children = (
				24A0A9BF1F56EFBA0085E6CE /* Base */,
			);
			name = LaunchScreen.storyboard;
			sourceTree = "<group>";
		};
/* End PBXVariantGroup section */

/* Begin XCBuildConfiguration section */
		24A0A9D81F56EFBA0085E6CE /* Debug */ = {
			isa = XCBuildConfiguration;
			buildSettings = {
				ALWAYS_SEARCH_USER_PATHS = NO;
				CLANG_ANALYZER_NONNULL = YES;
				CLANG_ANALYZER_NUMBER_OBJECT_CONVERSION = YES_AGGRESSIVE;
				CLANG_CXX_LANGUAGE_STANDARD = "gnu++0x";
				CLANG_CXX_LIBRARY = "libc++";
				CLANG_ENABLE_MODULES = YES;
				CLANG_ENABLE_OBJC_ARC = YES;
				CLANG_WARN_BOOL_CONVERSION = YES;
				CLANG_WARN_CONSTANT_CONVERSION = YES;
				CLANG_WARN_DIRECT_OBJC_ISA_USAGE = YES_ERROR;
				CLANG_WARN_DOCUMENTATION_COMMENTS = YES;
				CLANG_WARN_EMPTY_BODY = YES;
				CLANG_WARN_ENUM_CONVERSION = YES;
				CLANG_WARN_INFINITE_RECURSION = YES;
				CLANG_WARN_INT_CONVERSION = YES;
				CLANG_WARN_OBJC_ROOT_CLASS = YES_ERROR;
				CLANG_WARN_SUSPICIOUS_MOVE = YES;
				CLANG_WARN_UNREACHABLE_CODE = YES;
				CLANG_WARN__DUPLICATE_METHOD_MATCH = YES;
				"CODE_SIGN_IDENTITY[sdk=iphoneos*]" = "iPhone Developer";
				COPY_PHASE_STRIP = NO;
				DEBUG_INFORMATION_FORMAT = dwarf;
				ENABLE_STRICT_OBJC_MSGSEND = YES;
				ENABLE_TESTABILITY = YES;
				GCC_C_LANGUAGE_STANDARD = gnu99;
				GCC_DYNAMIC_NO_PIC = NO;
				GCC_NO_COMMON_BLOCKS = YES;
				GCC_OPTIMIZATION_LEVEL = 0;
				GCC_PREPROCESSOR_DEFINITIONS = (
					"DEBUG=1",
					"$(inherited)",
				);
				GCC_WARN_64_TO_32_BIT_CONVERSION = YES;
				GCC_WARN_ABOUT_RETURN_TYPE = YES_ERROR;
				GCC_WARN_UNDECLARED_SELECTOR = YES;
				GCC_WARN_UNINITIALIZED_AUTOS = YES_AGGRESSIVE;
				GCC_WARN_UNUSED_FUNCTION = YES;
				GCC_WARN_UNUSED_VARIABLE = YES;
				IPHONEOS_DEPLOYMENT_TARGET = 10.3;
				MTL_ENABLE_DEBUG_INFO = YES;
				ONLY_ACTIVE_ARCH = YES;
				SDKROOT = iphoneos;
				SWIFT_ACTIVE_COMPILATION_CONDITIONS = DEBUG;
				SWIFT_OPTIMIZATION_LEVEL = "-Onone";
				TARGETED_DEVICE_FAMILY = "1,2";
			};
			name = Debug;
		};
		24A0A9D91F56EFBA0085E6CE /* Release */ = {
			isa = XCBuildConfiguration;
			buildSettings = {
				ALWAYS_SEARCH_USER_PATHS = NO;
				CLANG_ANALYZER_NONNULL = YES;
				CLANG_ANALYZER_NUMBER_OBJECT_CONVERSION = YES_AGGRESSIVE;
				CLANG_CXX_LANGUAGE_STANDARD = "gnu++0x";
				CLANG_CXX_LIBRARY = "libc++";
				CLANG_ENABLE_MODULES = YES;
				CLANG_ENABLE_OBJC_ARC = YES;
				CLANG_WARN_BOOL_CONVERSION = YES;
				CLANG_WARN_CONSTANT_CONVERSION = YES;
				CLANG_WARN_DIRECT_OBJC_ISA_USAGE = YES_ERROR;
				CLANG_WARN_DOCUMENTATION_COMMENTS = YES;
				CLANG_WARN_EMPTY_BODY = YES;
				CLANG_WARN_ENUM_CONVERSION = YES;
				CLANG_WARN_INFINITE_RECURSION = YES;
				CLANG_WARN_INT_CONVERSION = YES;
				CLANG_WARN_OBJC_ROOT_CLASS = YES_ERROR;
				CLANG_WARN_SUSPICIOUS_MOVE = YES;
				CLANG_WARN_UNREACHABLE_CODE = YES;
				CLANG_WARN__DUPLICATE_METHOD_MATCH = YES;
				"CODE_SIGN_IDENTITY[sdk=iphoneos*]" = "iPhone Developer";
				COPY_PHASE_STRIP = NO;
				DEBUG_INFORMATION_FORMAT = "dwarf-with-dsym";
				ENABLE_NS_ASSERTIONS = NO;
				ENABLE_STRICT_OBJC_MSGSEND = YES;
				GCC_C_LANGUAGE_STANDARD = gnu99;
				GCC_NO_COMMON_BLOCKS = YES;
				GCC_WARN_64_TO_32_BIT_CONVERSION = YES;
				GCC_WARN_ABOUT_RETURN_TYPE = YES_ERROR;
				GCC_WARN_UNDECLARED_SELECTOR = YES;
				GCC_WARN_UNINITIALIZED_AUTOS = YES_AGGRESSIVE;
				GCC_WARN_UNUSED_FUNCTION = YES;
				GCC_WARN_UNUSED_VARIABLE = YES;
				IPHONEOS_DEPLOYMENT_TARGET = 10.3;
				MTL_ENABLE_DEBUG_INFO = NO;
				SDKROOT = iphoneos;
				SWIFT_OPTIMIZATION_LEVEL = "-Owholemodule";
				TARGETED_DEVICE_FAMILY = "1,2";
				VALIDATE_PRODUCT = YES;
			};
			name = Release;
		};
		24A0A9DB1F56EFBA0085E6CE /* Debug */ = {
			isa = XCBuildConfiguration;
			buildSettings = {
				ASSETCATALOG_COMPILER_APPICON_NAME = AppIcon;
				INFOPLIST_FILE = Animation/Info.plist;
				LD_RUNPATH_SEARCH_PATHS = "$(inherited) @executable_path/Frameworks";
				PRODUCT_BUNDLE_IDENTIFIER = Plusnet.Animation;
				PRODUCT_NAME = "$(TARGET_NAME)";
				SWIFT_VERSION = 3.0;
			};
			name = Debug;
		};
		24A0A9DC1F56EFBA0085E6CE /* Release */ = {
			isa = XCBuildConfiguration;
			buildSettings = {
				ASSETCATALOG_COMPILER_APPICON_NAME = AppIcon;
				INFOPLIST_FILE = Animation/Info.plist;
				LD_RUNPATH_SEARCH_PATHS = "$(inherited) @executable_path/Frameworks";
				PRODUCT_BUNDLE_IDENTIFIER = Plusnet.Animation;
				PRODUCT_NAME = "$(TARGET_NAME)";
				SWIFT_VERSION = 3.0;
			};
			name = Release;
		};
		24A0A9DE1F56EFBA0085E6CE /* Debug */ = {
			isa = XCBuildConfiguration;
			buildSettings = {
				ALWAYS_EMBED_SWIFT_STANDARD_LIBRARIES = YES;
				BUNDLE_LOADER = "$(TEST_HOST)";
				INFOPLIST_FILE = AnimationTests/Info.plist;
				LD_RUNPATH_SEARCH_PATHS = "$(inherited) @executable_path/Frameworks @loader_path/Frameworks";
				PRODUCT_BUNDLE_IDENTIFIER = Plusnet.AnimationTests;
				PRODUCT_NAME = "$(TARGET_NAME)";
				SWIFT_VERSION = 3.0;
				TEST_HOST = "$(BUILT_PRODUCTS_DIR)/Animation.app/Animation";
			};
			name = Debug;
		};
		24A0A9DF1F56EFBA0085E6CE /* Release */ = {
			isa = XCBuildConfiguration;
			buildSettings = {
				ALWAYS_EMBED_SWIFT_STANDARD_LIBRARIES = YES;
				BUNDLE_LOADER = "$(TEST_HOST)";
				INFOPLIST_FILE = AnimationTests/Info.plist;
				LD_RUNPATH_SEARCH_PATHS = "$(inherited) @executable_path/Frameworks @loader_path/Frameworks";
				PRODUCT_BUNDLE_IDENTIFIER = Plusnet.AnimationTests;
				PRODUCT_NAME = "$(TARGET_NAME)";
				SWIFT_VERSION = 3.0;
				TEST_HOST = "$(BUILT_PRODUCTS_DIR)/Animation.app/Animation";
			};
			name = Release;
		};
		24A0A9E11F56EFBA0085E6CE /* Debug */ = {
			isa = XCBuildConfiguration;
			buildSettings = {
				ALWAYS_EMBED_SWIFT_STANDARD_LIBRARIES = YES;
				INFOPLIST_FILE = AnimationUITests/Info.plist;
				LD_RUNPATH_SEARCH_PATHS = "$(inherited) @executable_path/Frameworks @loader_path/Frameworks";
				PRODUCT_BUNDLE_IDENTIFIER = Plusnet.AnimationUITests;
				PRODUCT_NAME = "$(TARGET_NAME)";
				SWIFT_VERSION = 3.0;
				TEST_TARGET_NAME = Animation;
			};
			name = Debug;
		};
		24A0A9E21F56EFBA0085E6CE /* Release */ = {
			isa = XCBuildConfiguration;
			buildSettings = {
				ALWAYS_EMBED_SWIFT_STANDARD_LIBRARIES = YES;
				INFOPLIST_FILE = AnimationUITests/Info.plist;
				LD_RUNPATH_SEARCH_PATHS = "$(inherited) @executable_path/Frameworks @loader_path/Frameworks";
				PRODUCT_BUNDLE_IDENTIFIER = Plusnet.AnimationUITests;
				PRODUCT_NAME = "$(TARGET_NAME)";
				SWIFT_VERSION = 3.0;
				TEST_TARGET_NAME = Animation;
			};
			name = Release;
		};
/* End XCBuildConfiguration section */

/* Begin XCConfigurationList section */
		24A0A9AD1F56EFBA0085E6CE /* Build configuration list for PBXProject "Animation" */ = {
			isa = XCConfigurationList;
			buildConfigurations = (
				24A0A9D81F56EFBA0085E6CE /* Debug */,
				24A0A9D91F56EFBA0085E6CE /* Release */,
			);
			defaultConfigurationIsVisible = 0;
			defaultConfigurationName = Release;
		};
		24A0A9DA1F56EFBA0085E6CE /* Build configuration list for PBXNativeTarget "Animation" */ = {
			isa = XCConfigurationList;
			buildConfigurations = (
				24A0A9DB1F56EFBA0085E6CE /* Debug */,
				24A0A9DC1F56EFBA0085E6CE /* Release */,
			);
			defaultConfigurationIsVisible = 0;
		};
		24A0A9DD1F56EFBA0085E6CE /* Build configuration list for PBXNativeTarget "AnimationTests" */ = {
			isa = XCConfigurationList;
			buildConfigurations = (
				24A0A9DE1F56EFBA0085E6CE /* Debug */,
				24A0A9DF1F56EFBA0085E6CE /* Release */,
			);
			defaultConfigurationIsVisible = 0;
		};
		24A0A9E01F56EFBA0085E6CE /* Build configuration list for PBXNativeTarget "AnimationUITests" */ = {
			isa = XCConfigurationList;
			buildConfigurations = (
				24A0A9E11F56EFBA0085E6CE /* Debug */,
				24A0A9E21F56EFBA0085E6CE /* Release */,
			);
			defaultConfigurationIsVisible = 0;
		};
/* End XCConfigurationList section */
	};
	rootObject = 24A0A9AA1F56EFBA0085E6CE /* Project object */;
}
